// !$*UTF8*$!
{
	archiveVersion = 1;
	classes = {
	};
	objectVersion = 45;
	objects = {

/* Begin PBXBuildFile section */
		A51C064C11C0CB47006B816E /* cTransportResponseInfo.h in Headers */ = {isa = PBXBuildFile; fileRef = A51C064211C0CB47006B816E /* cTransportResponseInfo.h */; };
		A51C064D11C0CB47006B816E /* cTransportResponseInfo.m in Sources */ = {isa = PBXBuildFile; fileRef = A51C064311C0CB47006B816E /* cTransportResponseInfo.m */; };
		A51C064E11C0CB47006B816E /* inetwork.h in Headers */ = {isa = PBXBuildFile; fileRef = A51C064411C0CB47006B816E /* inetwork.h */; };
		A51C064F11C0CB47006B816E /* restQuery.h in Headers */ = {isa = PBXBuildFile; fileRef = A51C064511C0CB47006B816E /* restQuery.h */; };
		A51C065011C0CB47006B816E /* restQuery.m in Sources */ = {isa = PBXBuildFile; fileRef = A51C064611C0CB47006B816E /* restQuery.m */; };
		A51C065111C0CB47006B816E /* restWrapper.h in Headers */ = {isa = PBXBuildFile; fileRef = A51C064711C0CB47006B816E /* restWrapper.h */; };
		A51C065211C0CB47006B816E /* restWrapper.m in Sources */ = {isa = PBXBuildFile; fileRef = A51C064811C0CB47006B816E /* restWrapper.m */; };
		A51C065311C0CB47006B816E /* restWrapperDelegate.h in Headers */ = {isa = PBXBuildFile; fileRef = A51C064911C0CB47006B816E /* restWrapperDelegate.h */; };
		A51C065411C0CB47006B816E /* transportQuery.h in Headers */ = {isa = PBXBuildFile; fileRef = A51C064A11C0CB47006B816E /* transportQuery.h */; };
		A51C065511C0CB47006B816E /* transportQuery.m in Sources */ = {isa = PBXBuildFile; fileRef = A51C064B11C0CB47006B816E /* transportQuery.m */; };
		AA747D9F0F9514B9006C5449 /* network_Prefix.pch in Headers */ = {isa = PBXBuildFile; fileRef = AA747D9E0F9514B9006C5449 /* network_Prefix.pch */; };
		AACBBE4A0F95108600F1A2B1 /* Foundation.framework in Frameworks */ = {isa = PBXBuildFile; fileRef = AACBBE490F95108600F1A2B1 /* Foundation.framework */; };
/* End PBXBuildFile section */

/* Begin PBXFileReference section */
		A51C064211C0CB47006B816E /* cTransportResponseInfo.h */ = {isa = PBXFileReference; fileEncoding = 4; lastKnownFileType = sourcecode.c.h; name = cTransportResponseInfo.h; path = Classes/cTransportResponseInfo.h; sourceTree = "<group>"; };
		A51C064311C0CB47006B816E /* cTransportResponseInfo.m */ = {isa = PBXFileReference; fileEncoding = 4; lastKnownFileType = sourcecode.c.objc; name = cTransportResponseInfo.m; path = Classes/cTransportResponseInfo.m; sourceTree = "<group>"; };
		A51C064411C0CB47006B816E /* inetwork.h */ = {isa = PBXFileReference; fileEncoding = 4; lastKnownFileType = sourcecode.c.h; name = inetwork.h; path = Classes/inetwork.h; sourceTree = "<group>"; };
		A51C064511C0CB47006B816E /* restQuery.h */ = {isa = PBXFileReference; fileEncoding = 4; lastKnownFileType = sourcecode.c.h; name = restQuery.h; path = Classes/restQuery.h; sourceTree = "<group>"; };
		A51C064611C0CB47006B816E /* restQuery.m */ = {isa = PBXFileReference; fileEncoding = 4; lastKnownFileType = sourcecode.c.objc; name = restQuery.m; path = Classes/restQuery.m; sourceTree = "<group>"; };
		A51C064711C0CB47006B816E /* restWrapper.h */ = {isa = PBXFileReference; fileEncoding = 4; lastKnownFileType = sourcecode.c.h; name = restWrapper.h; path = Classes/restWrapper.h; sourceTree = "<group>"; };
		A51C064811C0CB47006B816E /* restWrapper.m */ = {isa = PBXFileReference; fileEncoding = 4; lastKnownFileType = sourcecode.c.objc; name = restWrapper.m; path = Classes/restWrapper.m; sourceTree = "<group>"; };
		A51C064911C0CB47006B816E /* restWrapperDelegate.h */ = {isa = PBXFileReference; fileEncoding = 4; lastKnownFileType = sourcecode.c.h; name = restWrapperDelegate.h; path = Classes/restWrapperDelegate.h; sourceTree = "<group>"; };
		A51C064A11C0CB47006B816E /* transportQuery.h */ = {isa = PBXFileReference; fileEncoding = 4; lastKnownFileType = sourcecode.c.h; name = transportQuery.h; path = Classes/transportQuery.h; sourceTree = "<group>"; };
		A51C064B11C0CB47006B816E /* transportQuery.m */ = {isa = PBXFileReference; fileEncoding = 4; lastKnownFileType = sourcecode.c.objc; name = transportQuery.m; path = Classes/transportQuery.m; sourceTree = "<group>"; };
		AA747D9E0F9514B9006C5449 /* network_Prefix.pch */ = {isa = PBXFileReference; fileEncoding = 4; lastKnownFileType = sourcecode.c.h; path = network_Prefix.pch; sourceTree = SOURCE_ROOT; };
		AACBBE490F95108600F1A2B1 /* Foundation.framework */ = {isa = PBXFileReference; lastKnownFileType = wrapper.framework; name = Foundation.framework; path = System/Library/Frameworks/Foundation.framework; sourceTree = SDKROOT; };
		D2AAC07E0554694100DB518D /* libnetwork.a */ = {isa = PBXFileReference; explicitFileType = archive.ar; includeInIndex = 0; path = libnetwork.a; sourceTree = BUILT_PRODUCTS_DIR; };
/* End PBXFileReference section */

/* Begin PBXFrameworksBuildPhase section */
		D2AAC07C0554694100DB518D /* Frameworks */ = {
			isa = PBXFrameworksBuildPhase;
			buildActionMask = 2147483647;
			files = (
				AACBBE4A0F95108600F1A2B1 /* Foundation.framework in Frameworks */,
			);
			runOnlyForDeploymentPostprocessing = 0;
		};
/* End PBXFrameworksBuildPhase section */

/* Begin PBXGroup section */
		034768DFFF38A50411DB9C8B /* Products */ = {
			isa = PBXGroup;
			children = (
				D2AAC07E0554694100DB518D /* libnetwork.a */,
			);
			name = Products;
			sourceTree = "<group>";
		};
		0867D691FE84028FC02AAC07 /* network */ = {
			isa = PBXGroup;
			children = (
				08FB77AEFE84172EC02AAC07 /* Classes */,
				32C88DFF0371C24200C91783 /* Other Sources */,
				0867D69AFE84028FC02AAC07 /* Frameworks */,
				034768DFFF38A50411DB9C8B /* Products */,
			);
			name = network;
			sourceTree = "<group>";
			usesTabs = 1;
		};
		0867D69AFE84028FC02AAC07 /* Frameworks */ = {
			isa = PBXGroup;
			children = (
				AACBBE490F95108600F1A2B1 /* Foundation.framework */,
			);
			name = Frameworks;
			sourceTree = "<group>";
		};
		08FB77AEFE84172EC02AAC07 /* Classes */ = {
			isa = PBXGroup;
			children = (
				A51C064211C0CB47006B816E /* cTransportResponseInfo.h */,
				A51C064311C0CB47006B816E /* cTransportResponseInfo.m */,
				A51C064511C0CB47006B816E /* restQuery.h */,
				A51C064611C0CB47006B816E /* restQuery.m */,
				A51C064711C0CB47006B816E /* restWrapper.h */,
				A51C064811C0CB47006B816E /* restWrapper.m */,
				A51C064911C0CB47006B816E /* restWrapperDelegate.h */,
				A51C064A11C0CB47006B816E /* transportQuery.h */,
				A51C064B11C0CB47006B816E /* transportQuery.m */,
				A51C064411C0CB47006B816E /* inetwork.h */,
			);
			name = Classes;
			sourceTree = "<group>";
		};
		32C88DFF0371C24200C91783 /* Other Sources */ = {
			isa = PBXGroup;
			children = (
				AA747D9E0F9514B9006C5449 /* network_Prefix.pch */,
			);
			name = "Other Sources";
			sourceTree = "<group>";
		};
/* End PBXGroup section */

/* Begin PBXHeadersBuildPhase section */
		D2AAC07A0554694100DB518D /* Headers */ = {
			isa = PBXHeadersBuildPhase;
			buildActionMask = 2147483647;
			files = (
				AA747D9F0F9514B9006C5449 /* network_Prefix.pch in Headers */,
				A51C064C11C0CB47006B816E /* cTransportResponseInfo.h in Headers */,
				A51C064E11C0CB47006B816E /* inetwork.h in Headers */,
				A51C064F11C0CB47006B816E /* restQuery.h in Headers */,
				A51C065111C0CB47006B816E /* restWrapper.h in Headers */,
				A51C065311C0CB47006B816E /* restWrapperDelegate.h in Headers */,
				A51C065411C0CB47006B816E /* transportQuery.h in Headers */,
			);
			runOnlyForDeploymentPostprocessing = 0;
		};
/* End PBXHeadersBuildPhase section */

/* Begin PBXNativeTarget section */
		D2AAC07D0554694100DB518D /* network */ = {
			isa = PBXNativeTarget;
			buildConfigurationList = 1DEB921E08733DC00010E9CD /* Build configuration list for PBXNativeTarget "network" */;
			buildPhases = (
				D2AAC07A0554694100DB518D /* Headers */,
				D2AAC07B0554694100DB518D /* Sources */,
				D2AAC07C0554694100DB518D /* Frameworks */,
			);
			buildRules = (
			);
			dependencies = (
			);
			name = network;
			productName = network;
			productReference = D2AAC07E0554694100DB518D /* libnetwork.a */;
			productType = "com.apple.product-type.library.static";
		};
/* End PBXNativeTarget section */

/* Begin PBXProject section */
		0867D690FE84028FC02AAC07 /* Project object */ = {
			isa = PBXProject;
			attributes = {
				LastUpgradeCheck = 0420;
			};
			buildConfigurationList = 1DEB922208733DC00010E9CD /* Build configuration list for PBXProject "network" */;
			compatibilityVersion = "Xcode 3.1";
			developmentRegion = English;
			hasScannedForEncodings = 1;
			knownRegions = (
				en,
			);
			mainGroup = 0867D691FE84028FC02AAC07 /* network */;
			productRefGroup = 034768DFFF38A50411DB9C8B /* Products */;
			projectDirPath = "";
			projectRoot = "";
			targets = (
				D2AAC07D0554694100DB518D /* network */,
			);
		};
/* End PBXProject section */

/* Begin PBXSourcesBuildPhase section */
		D2AAC07B0554694100DB518D /* Sources */ = {
			isa = PBXSourcesBuildPhase;
			buildActionMask = 2147483647;
			files = (
				A51C064D11C0CB47006B816E /* cTransportResponseInfo.m in Sources */,
				A51C065011C0CB47006B816E /* restQuery.m in Sources */,
				A51C065211C0CB47006B816E /* restWrapper.m in Sources */,
				A51C065511C0CB47006B816E /* transportQuery.m in Sources */,
			);
			runOnlyForDeploymentPostprocessing = 0;
		};
/* End PBXSourcesBuildPhase section */

/* Begin XCBuildConfiguration section */
		1DEB921F08733DC00010E9CD /* Debug */ = {
			isa = XCBuildConfiguration;
			buildSettings = {
				ALWAYS_SEARCH_USER_PATHS = NO;
				ARCHS = "$(ARCHS_STANDARD_32_BIT)";
				COPY_PHASE_STRIP = NO;
				DSTROOT = /tmp/network.dst;
				GCC_DYNAMIC_NO_PIC = NO;
				GCC_MODEL_TUNING = G5;
				GCC_OPTIMIZATION_LEVEL = 0;
				GCC_PRECOMPILE_PREFIX_HEADER = YES;
				GCC_PREFIX_HEADER = network_Prefix.pch;
				INSTALL_PATH = /usr/local/lib;
				IPHONEOS_DEPLOYMENT_TARGET = 4.0;
				PRODUCT_NAME = network;
				SDKROOT = iphoneos;
				SKIP_INSTALL = YES;
			};
			name = Debug;
		};
		1DEB922008733DC00010E9CD /* Release */ = {
			isa = XCBuildConfiguration;
			buildSettings = {
				ALWAYS_SEARCH_USER_PATHS = NO;
				ARCHS = "$(ARCHS_STANDARD_32_BIT)";
				DSTROOT = /tmp/network.dst;
				GCC_MODEL_TUNING = G5;
				GCC_PRECOMPILE_PREFIX_HEADER = YES;
				GCC_PREFIX_HEADER = network_Prefix.pch;
				INSTALL_PATH = /usr/local/lib;
				IPHONEOS_DEPLOYMENT_TARGET = 4.0;
				PRODUCT_NAME = network;
				SDKROOT = iphoneos;
				SKIP_INSTALL = YES;
			};
			name = Release;
		};
		1DEB922308733DC00010E9CD /* Debug */ = {
			isa = XCBuildConfiguration;
			buildSettings = {
				ARCHS = "$(ARCHS_STANDARD_32_BIT)";
				GCC_C_LANGUAGE_STANDARD = c99;
				GCC_OPTIMIZATION_LEVEL = 0;
				GCC_WARN_ABOUT_RETURN_TYPE = YES;
				GCC_WARN_UNUSED_VARIABLE = YES;
				OTHER_LDFLAGS = "-ObjC";
				SDKROOT = iphoneos3.0;
			};
			name = Debug;
		};
		1DEB922408733DC00010E9CD /* Release */ = {
			isa = XCBuildConfiguration;
			buildSettings = {
				ARCHS = "$(ARCHS_STANDARD_32_BIT)";
				GCC_C_LANGUAGE_STANDARD = c99;
				GCC_WARN_ABOUT_RETURN_TYPE = YES;
				GCC_WARN_UNUSED_VARIABLE = YES;
				OTHER_LDFLAGS = "-ObjC";
				SDKROOT = iphoneos3.0;
				SKIP_INSTALL = YES;
			};
			name = Release;
		};
/* End XCBuildConfiguration section */

/* Begin XCConfigurationList section */
		1DEB921E08733DC00010E9CD /* Build configuration list for PBXNativeTarget "network" */ = {
			isa = XCConfigurationList;
			buildConfigurations = (
				1DEB921F08733DC00010E9CD /* Debug */,
				1DEB922008733DC00010E9CD /* Release */,
			);
			defaultConfigurationIsVisible = 0;
			defaultConfigurationName = Release;
		};
		1DEB922208733DC00010E9CD /* Build configuration list for PBXProject "network" */ = {
			isa = XCConfigurationList;
			buildConfigurations = (
				1DEB922308733DC00010E9CD /* Debug */,
				1DEB922408733DC00010E9CD /* Release */,
			);
			defaultConfigurationIsVisible = 0;
			defaultConfigurationName = Release;
		};
/* End XCConfigurationList section */
	};
	rootObject = 0867D690FE84028FC02AAC07 /* Project object */;
}
